// !$*UTF8*$!
{
	archiveVersion = 1;
	classes = {
	};
	objectVersion = 51;
	objects = {

/* Begin PBXBuildFile section */
		4C0225760CECA28A01D6CDE9 /* Pods_Providers.framework in Frameworks */ = {isa = PBXBuildFile; fileRef = FA0EBB7FA8399740A1B8039D /* Pods_Providers.framework */; };
		A7466D4D2345E16E00DA5227 /* AppDelegate.swift in Sources */ = {isa = PBXBuildFile; fileRef = A7466D4C2345E16E00DA5227 /* AppDelegate.swift */; };
		A7466D542345E16E00DA5227 /* Main.storyboard in Resources */ = {isa = PBXBuildFile; fileRef = A7466D522345E16E00DA5227 /* Main.storyboard */; };
		A7466D562345E16F00DA5227 /* Assets.xcassets in Resources */ = {isa = PBXBuildFile; fileRef = A7466D552345E16F00DA5227 /* Assets.xcassets */; };
		A7466D592345E16F00DA5227 /* LaunchScreen.storyboard in Resources */ = {isa = PBXBuildFile; fileRef = A7466D572345E16F00DA5227 /* LaunchScreen.storyboard */; };
		A7466D6B2345E4E900DA5227 /* bigdata.json in Resources */ = {isa = PBXBuildFile; fileRef = A7466D6A2345E4E900DA5227 /* bigdata.json */; };
		A7466D6D2345EAD500DA5227 /* ProvidersViewController.swift in Sources */ = {isa = PBXBuildFile; fileRef = A7466D6C2345EAD500DA5227 /* ProvidersViewController.swift */; };
		A7466D722345EC4C00DA5227 /* ProvidersTableViewCell.swift in Sources */ = {isa = PBXBuildFile; fileRef = A7466D712345EC4C00DA5227 /* ProvidersTableViewCell.swift */; };
		A7466D742345F01300DA5227 /* ProvidersViewModel.swift in Sources */ = {isa = PBXBuildFile; fileRef = A7466D732345F01300DA5227 /* ProvidersViewModel.swift */; };
		A7466D772345F0A700DA5227 /* Provider.swift in Sources */ = {isa = PBXBuildFile; fileRef = A7466D762345F0A700DA5227 /* Provider.swift */; };
		A7466D792345F0AE00DA5227 /* Card.swift in Sources */ = {isa = PBXBuildFile; fileRef = A7466D782345F0AE00DA5227 /* Card.swift */; };
		A7466D7B2346096900DA5227 /* CardsCollectionViewCell.swift in Sources */ = {isa = PBXBuildFile; fileRef = A7466D7A2346096900DA5227 /* CardsCollectionViewCell.swift */; };
		A7466D8023462DF100DA5227 /* ProvidersStructure.swift in Sources */ = {isa = PBXBuildFile; fileRef = A7466D7F23462DF100DA5227 /* ProvidersStructure.swift */; };
		A7466D83234741AB00DA5227 /* AlamofireNetworkService.swift in Sources */ = {isa = PBXBuildFile; fileRef = A7466D82234741AB00DA5227 /* AlamofireNetworkService.swift */; };
		A7466D86234741ED00DA5227 /* NetworkServiceProtocol.swift in Sources */ = {isa = PBXBuildFile; fileRef = A7466D85234741ED00DA5227 /* NetworkServiceProtocol.swift */; };
		A7466D88234756BB00DA5227 /* Currency.swift in Sources */ = {isa = PBXBuildFile; fileRef = A7466D87234756BB00DA5227 /* Currency.swift */; };
		A7466D8A234757C700DA5227 /* AppConstant.swift in Sources */ = {isa = PBXBuildFile; fileRef = A7466D89234757C700DA5227 /* AppConstant.swift */; };
		A7466D902348725F00DA5227 /* providers.json in Resources */ = {isa = PBXBuildFile; fileRef = A7466D8F2348725F00DA5227 /* providers.json */; };
		A7466D922348BC1700DA5227 /* CardViewController.swift in Sources */ = {isa = PBXBuildFile; fileRef = A7466D912348BC1700DA5227 /* CardViewController.swift */; };
		A7466D97234B2C7000DA5227 /* CachableImageDownloaderProtocol.swift in Sources */ = {isa = PBXBuildFile; fileRef = A7466D96234B2C7000DA5227 /* CachableImageDownloaderProtocol.swift */; };
		A7466DC1234CDE0A00DA5227 /* ProvidersViewModelProtocol.swift in Sources */ = {isa = PBXBuildFile; fileRef = A7466DC0234CDE0A00DA5227 /* ProvidersViewModelProtocol.swift */; };
		A76C15182356FE0300389A2F /* ProvidersAssemblyProtocol.swift in Sources */ = {isa = PBXBuildFile; fileRef = A76C15172356FE0300389A2F /* ProvidersAssemblyProtocol.swift */; };
		A76C151E2356FEB200389A2F /* ProvidersAssembly.swift in Sources */ = {isa = PBXBuildFile; fileRef = A76C151D2356FEB200389A2F /* ProvidersAssembly.swift */; };
		A76C15202357040D00389A2F /* CardAssemblyProtocol.swift in Sources */ = {isa = PBXBuildFile; fileRef = A76C151F2357040D00389A2F /* CardAssemblyProtocol.swift */; };
		A76C15222357046800389A2F /* CardAssembly.swift in Sources */ = {isa = PBXBuildFile; fileRef = A76C15212357046800389A2F /* CardAssembly.swift */; };
		A76C152423572AEC00389A2F /* RxNetworkService.swift in Sources */ = {isa = PBXBuildFile; fileRef = A76C152323572AEC00389A2F /* RxNetworkService.swift */; };
		A76C152723572FE200389A2F /* NetworkError.swift in Sources */ = {isa = PBXBuildFile; fileRef = A76C152623572FE200389A2F /* NetworkError.swift */; };
		A7BD95B6234E275100BD49F7 /* Cache.swift in Sources */ = {isa = PBXBuildFile; fileRef = A7BD95B5234E275100BD49F7 /* Cache.swift */; };
		A7BD95B8234E3D1000BD49F7 /* ResourceServiceProtocol.swift in Sources */ = {isa = PBXBuildFile; fileRef = A7BD95B7234E3D1000BD49F7 /* ResourceServiceProtocol.swift */; };
		A7BD95BA234E3D7000BD49F7 /* AssetsResourceService.swift in Sources */ = {isa = PBXBuildFile; fileRef = A7BD95B9234E3D7000BD49F7 /* AssetsResourceService.swift */; };
		A7BD95BC234E3F6100BD49F7 /* NetworkResourceService.swift in Sources */ = {isa = PBXBuildFile; fileRef = A7BD95BB234E3F6100BD49F7 /* NetworkResourceService.swift */; };
		A7BD95BE234E72A400BD49F7 /* CardViewModel.swift in Sources */ = {isa = PBXBuildFile; fileRef = A7BD95BD234E72A400BD49F7 /* CardViewModel.swift */; };
		A7BD95C0234E809900BD49F7 /* CardViewModelProtocol.swift in Sources */ = {isa = PBXBuildFile; fileRef = A7BD95BF234E809900BD49F7 /* CardViewModelProtocol.swift */; };
/* End PBXBuildFile section */

/* Begin PBXFileReference section */
		469E48D251DFACC7128D2355 /* Pods-Providers.release.xcconfig */ = {isa = PBXFileReference; includeInIndex = 1; lastKnownFileType = text.xcconfig; name = "Pods-Providers.release.xcconfig"; path = "Target Support Files/Pods-Providers/Pods-Providers.release.xcconfig"; sourceTree = "<group>"; };
		A7466D492345E16E00DA5227 /* Providers.app */ = {isa = PBXFileReference; explicitFileType = wrapper.application; includeInIndex = 0; path = Providers.app; sourceTree = BUILT_PRODUCTS_DIR; };
		A7466D4C2345E16E00DA5227 /* AppDelegate.swift */ = {isa = PBXFileReference; lastKnownFileType = sourcecode.swift; path = AppDelegate.swift; sourceTree = "<group>"; };
		A7466D532345E16E00DA5227 /* Base */ = {isa = PBXFileReference; lastKnownFileType = file.storyboard; name = Base; path = Base.lproj/Main.storyboard; sourceTree = "<group>"; };
		A7466D552345E16F00DA5227 /* Assets.xcassets */ = {isa = PBXFileReference; lastKnownFileType = folder.assetcatalog; path = Assets.xcassets; sourceTree = "<group>"; };
		A7466D582345E16F00DA5227 /* Base */ = {isa = PBXFileReference; lastKnownFileType = file.storyboard; name = Base; path = Base.lproj/LaunchScreen.storyboard; sourceTree = "<group>"; };
		A7466D5A2345E16F00DA5227 /* Info.plist */ = {isa = PBXFileReference; lastKnownFileType = text.plist.xml; path = Info.plist; sourceTree = "<group>"; };
		A7466D6A2345E4E900DA5227 /* bigdata.json */ = {isa = PBXFileReference; fileEncoding = 4; lastKnownFileType = text.json; path = bigdata.json; sourceTree = "<group>"; };
		A7466D6C2345EAD500DA5227 /* ProvidersViewController.swift */ = {isa = PBXFileReference; lastKnownFileType = sourcecode.swift; path = ProvidersViewController.swift; sourceTree = "<group>"; };
		A7466D712345EC4C00DA5227 /* ProvidersTableViewCell.swift */ = {isa = PBXFileReference; lastKnownFileType = sourcecode.swift; path = ProvidersTableViewCell.swift; sourceTree = "<group>"; };
		A7466D732345F01300DA5227 /* ProvidersViewModel.swift */ = {isa = PBXFileReference; lastKnownFileType = sourcecode.swift; path = ProvidersViewModel.swift; sourceTree = "<group>"; };
		A7466D762345F0A700DA5227 /* Provider.swift */ = {isa = PBXFileReference; lastKnownFileType = sourcecode.swift; path = Provider.swift; sourceTree = "<group>"; };
		A7466D782345F0AE00DA5227 /* Card.swift */ = {isa = PBXFileReference; lastKnownFileType = sourcecode.swift; path = Card.swift; sourceTree = "<group>"; };
		A7466D7A2346096900DA5227 /* CardsCollectionViewCell.swift */ = {isa = PBXFileReference; lastKnownFileType = sourcecode.swift; path = CardsCollectionViewCell.swift; sourceTree = "<group>"; };
		A7466D7F23462DF100DA5227 /* ProvidersStructure.swift */ = {isa = PBXFileReference; lastKnownFileType = sourcecode.swift; path = ProvidersStructure.swift; sourceTree = "<group>"; };
		A7466D82234741AB00DA5227 /* AlamofireNetworkService.swift */ = {isa = PBXFileReference; lastKnownFileType = sourcecode.swift; path = AlamofireNetworkService.swift; sourceTree = "<group>"; };
		A7466D85234741ED00DA5227 /* NetworkServiceProtocol.swift */ = {isa = PBXFileReference; lastKnownFileType = sourcecode.swift; path = NetworkServiceProtocol.swift; sourceTree = "<group>"; };
		A7466D87234756BB00DA5227 /* Currency.swift */ = {isa = PBXFileReference; lastKnownFileType = sourcecode.swift; path = Currency.swift; sourceTree = "<group>"; };
		A7466D89234757C700DA5227 /* AppConstant.swift */ = {isa = PBXFileReference; lastKnownFileType = sourcecode.swift; path = AppConstant.swift; sourceTree = "<group>"; };
		A7466D8F2348725F00DA5227 /* providers.json */ = {isa = PBXFileReference; fileEncoding = 4; lastKnownFileType = text.json; path = providers.json; sourceTree = "<group>"; };
		A7466D912348BC1700DA5227 /* CardViewController.swift */ = {isa = PBXFileReference; lastKnownFileType = sourcecode.swift; path = CardViewController.swift; sourceTree = "<group>"; };
		A7466D96234B2C7000DA5227 /* CachableImageDownloaderProtocol.swift */ = {isa = PBXFileReference; lastKnownFileType = sourcecode.swift; path = CachableImageDownloaderProtocol.swift; sourceTree = "<group>"; };
		A7466DC0234CDE0A00DA5227 /* ProvidersViewModelProtocol.swift */ = {isa = PBXFileReference; lastKnownFileType = sourcecode.swift; path = ProvidersViewModelProtocol.swift; sourceTree = "<group>"; };
		A76C15172356FE0300389A2F /* ProvidersAssemblyProtocol.swift */ = {isa = PBXFileReference; lastKnownFileType = sourcecode.swift; path = ProvidersAssemblyProtocol.swift; sourceTree = "<group>"; };
		A76C151D2356FEB200389A2F /* ProvidersAssembly.swift */ = {isa = PBXFileReference; lastKnownFileType = sourcecode.swift; path = ProvidersAssembly.swift; sourceTree = "<group>"; };
		A76C151F2357040D00389A2F /* CardAssemblyProtocol.swift */ = {isa = PBXFileReference; lastKnownFileType = sourcecode.swift; path = CardAssemblyProtocol.swift; sourceTree = "<group>"; };
		A76C15212357046800389A2F /* CardAssembly.swift */ = {isa = PBXFileReference; lastKnownFileType = sourcecode.swift; path = CardAssembly.swift; sourceTree = "<group>"; };
		A76C152323572AEC00389A2F /* RxNetworkService.swift */ = {isa = PBXFileReference; lastKnownFileType = sourcecode.swift; path = RxNetworkService.swift; sourceTree = "<group>"; };
		A76C152623572FE200389A2F /* NetworkError.swift */ = {isa = PBXFileReference; lastKnownFileType = sourcecode.swift; path = NetworkError.swift; sourceTree = "<group>"; };
		A7BD95B5234E275100BD49F7 /* Cache.swift */ = {isa = PBXFileReference; lastKnownFileType = sourcecode.swift; path = Cache.swift; sourceTree = "<group>"; };
		A7BD95B7234E3D1000BD49F7 /* ResourceServiceProtocol.swift */ = {isa = PBXFileReference; lastKnownFileType = sourcecode.swift; path = ResourceServiceProtocol.swift; sourceTree = "<group>"; };
		A7BD95B9234E3D7000BD49F7 /* AssetsResourceService.swift */ = {isa = PBXFileReference; lastKnownFileType = sourcecode.swift; path = AssetsResourceService.swift; sourceTree = "<group>"; };
		A7BD95BB234E3F6100BD49F7 /* NetworkResourceService.swift */ = {isa = PBXFileReference; lastKnownFileType = sourcecode.swift; path = NetworkResourceService.swift; sourceTree = "<group>"; };
		A7BD95BD234E72A400BD49F7 /* CardViewModel.swift */ = {isa = PBXFileReference; lastKnownFileType = sourcecode.swift; path = CardViewModel.swift; sourceTree = "<group>"; };
		A7BD95BF234E809900BD49F7 /* CardViewModelProtocol.swift */ = {isa = PBXFileReference; lastKnownFileType = sourcecode.swift; path = CardViewModelProtocol.swift; sourceTree = "<group>"; };
		FA0EBB7FA8399740A1B8039D /* Pods_Providers.framework */ = {isa = PBXFileReference; explicitFileType = wrapper.framework; includeInIndex = 0; path = Pods_Providers.framework; sourceTree = BUILT_PRODUCTS_DIR; };
		FD89EBC172A275065B756352 /* Pods-Providers.debug.xcconfig */ = {isa = PBXFileReference; includeInIndex = 1; lastKnownFileType = text.xcconfig; name = "Pods-Providers.debug.xcconfig"; path = "Target Support Files/Pods-Providers/Pods-Providers.debug.xcconfig"; sourceTree = "<group>"; };
/* End PBXFileReference section */

/* Begin PBXFrameworksBuildPhase section */
		A7466D462345E16E00DA5227 /* Frameworks */ = {
			isa = PBXFrameworksBuildPhase;
			buildActionMask = 2147483647;
			files = (
				4C0225760CECA28A01D6CDE9 /* Pods_Providers.framework in Frameworks */,
			);
			runOnlyForDeploymentPostprocessing = 0;
		};
/* End PBXFrameworksBuildPhase section */

/* Begin PBXGroup section */
		3C0A234816DE3BB9CA84A9D5 /* Pods */ = {
			isa = PBXGroup;
			children = (
				FD89EBC172A275065B756352 /* Pods-Providers.debug.xcconfig */,
				469E48D251DFACC7128D2355 /* Pods-Providers.release.xcconfig */,
			);
			path = Pods;
			sourceTree = "<group>";
		};
		9E6320D738A0E54D5F5887E8 /* Frameworks */ = {
			isa = PBXGroup;
			children = (
				FA0EBB7FA8399740A1B8039D /* Pods_Providers.framework */,
			);
			name = Frameworks;
			sourceTree = "<group>";
		};
		A7466D402345E16E00DA5227 = {
			isa = PBXGroup;
			children = (
				A7466D4B2345E16E00DA5227 /* Providers */,
				A7466D4A2345E16E00DA5227 /* Products */,
				3C0A234816DE3BB9CA84A9D5 /* Pods */,
				9E6320D738A0E54D5F5887E8 /* Frameworks */,
			);
			sourceTree = "<group>";
		};
		A7466D4A2345E16E00DA5227 /* Products */ = {
			isa = PBXGroup;
			children = (
				A7466D492345E16E00DA5227 /* Providers.app */,
			);
			name = Products;
			sourceTree = "<group>";
		};
		A7466D4B2345E16E00DA5227 /* Providers */ = {
			isa = PBXGroup;
			children = (
				A7466D642345E21200DA5227 /* Source */,
				A7466D622345E1F000DA5227 /* Storyboards */,
				A7466D612345E1C800DA5227 /* Resources */,
				A7466D602345E19600DA5227 /* Supporting Files */,
			);
			path = Providers;
			sourceTree = "<group>";
		};
		A7466D602345E19600DA5227 /* Supporting Files */ = {
			isa = PBXGroup;
			children = (
				A7466D5A2345E16F00DA5227 /* Info.plist */,
			);
			path = "Supporting Files";
			sourceTree = "<group>";
		};
		A7466D612345E1C800DA5227 /* Resources */ = {
			isa = PBXGroup;
			children = (
				A7466D8F2348725F00DA5227 /* providers.json */,
				A7466D6A2345E4E900DA5227 /* bigdata.json */,
				A7466D552345E16F00DA5227 /* Assets.xcassets */,
			);
			path = Resources;
			sourceTree = "<group>";
		};
		A7466D622345E1F000DA5227 /* Storyboards */ = {
			isa = PBXGroup;
			children = (
				A7466D522345E16E00DA5227 /* Main.storyboard */,
				A7466D572345E16F00DA5227 /* LaunchScreen.storyboard */,
			);
			path = Storyboards;
			sourceTree = "<group>";
		};
		A7466D632345E20500DA5227 /* Views */ = {
			isa = PBXGroup;
			children = (
				A7466D6F2345EC2A00DA5227 /* Cells */,
			);
			path = Views;
			sourceTree = "<group>";
		};
		A7466D642345E21200DA5227 /* Source */ = {
			isa = PBXGroup;
			children = (
				A7466D4C2345E16E00DA5227 /* AppDelegate.swift */,
				A7466D89234757C700DA5227 /* AppConstant.swift */,
				A76C15122356668700389A2F /* Modules */,
				A7466D632345E20500DA5227 /* Views */,
				A7466D662345E22A00DA5227 /* Models */,
				A7466D812347416700DA5227 /* Services */,
			);
			path = Source;
			sourceTree = "<group>";
		};
		A7466D662345E22A00DA5227 /* Models */ = {
			isa = PBXGroup;
			children = (
				A7466D762345F0A700DA5227 /* Provider.swift */,
				A7466D782345F0AE00DA5227 /* Card.swift */,
				A7466D7F23462DF100DA5227 /* ProvidersStructure.swift */,
				A7466D87234756BB00DA5227 /* Currency.swift */,
			);
			path = Models;
			sourceTree = "<group>";
		};
		A7466D6F2345EC2A00DA5227 /* Cells */ = {
			isa = PBXGroup;
			children = (
				A7466D712345EC4C00DA5227 /* ProvidersTableViewCell.swift */,
				A7466D7A2346096900DA5227 /* CardsCollectionViewCell.swift */,
			);
			path = Cells;
			sourceTree = "<group>";
		};
		A7466D812347416700DA5227 /* Services */ = {
			isa = PBXGroup;
			children = (
				A76C1515235667D400389A2F /* Cache */,
				A76C1514235667AF00389A2F /* Network */,
				A76C1516235667F200389A2F /* Resource */,
			);
			path = Services;
			sourceTree = "<group>";
		};
		A76C15112356666E00389A2F /* Providers */ = {
			isa = PBXGroup;
			children = (
				A76C15192356FE0B00389A2F /* Protocols */,
				A76C151A2356FE1400389A2F /* Realization */,
			);
			path = Providers;
			sourceTree = "<group>";
		};
		A76C15122356668700389A2F /* Modules */ = {
			isa = PBXGroup;
			children = (
				A76C15112356666E00389A2F /* Providers */,
				A76C15132356672E00389A2F /* Card */,
			);
			path = Modules;
			sourceTree = "<group>";
		};
		A76C15132356672E00389A2F /* Card */ = {
			isa = PBXGroup;
			children = (
				A76C151B2356FE1E00389A2F /* Protocols */,
				A76C151C2356FE2500389A2F /* Realization */,
			);
			path = Card;
			sourceTree = "<group>";
		};
		A76C1514235667AF00389A2F /* Network */ = {
			isa = PBXGroup;
			children = (
				A7466D85234741ED00DA5227 /* NetworkServiceProtocol.swift */,
				A76C152623572FE200389A2F /* NetworkError.swift */,
				A76C152523572F3400389A2F /* Realization */,
			);
			path = Network;
			sourceTree = "<group>";
		};
		A76C1515235667D400389A2F /* Cache */ = {
			isa = PBXGroup;
			children = (
				A7BD95B5234E275100BD49F7 /* Cache.swift */,
				A7466D96234B2C7000DA5227 /* CachableImageDownloaderProtocol.swift */,
			);
			path = Cache;
			sourceTree = "<group>";
		};
		A76C1516235667F200389A2F /* Resource */ = {
			isa = PBXGroup;
			children = (
				A7BD95B7234E3D1000BD49F7 /* ResourceServiceProtocol.swift */,
				A7BD95B9234E3D7000BD49F7 /* AssetsResourceService.swift */,
				A7BD95BB234E3F6100BD49F7 /* NetworkResourceService.swift */,
			);
			path = Resource;
			sourceTree = "<group>";
		};
		A76C15192356FE0B00389A2F /* Protocols */ = {
			isa = PBXGroup;
			children = (
				A7466DC0234CDE0A00DA5227 /* ProvidersViewModelProtocol.swift */,
				A76C15172356FE0300389A2F /* ProvidersAssemblyProtocol.swift */,
			);
			path = Protocols;
			sourceTree = "<group>";
		};
		A76C151A2356FE1400389A2F /* Realization */ = {
			isa = PBXGroup;
			children = (
				A7466D732345F01300DA5227 /* ProvidersViewModel.swift */,
				A7466D6C2345EAD500DA5227 /* ProvidersViewController.swift */,
				A76C151D2356FEB200389A2F /* ProvidersAssembly.swift */,
			);
			path = Realization;
			sourceTree = "<group>";
		};
		A76C151B2356FE1E00389A2F /* Protocols */ = {
			isa = PBXGroup;
			children = (
				A7BD95BF234E809900BD49F7 /* CardViewModelProtocol.swift */,
				A76C151F2357040D00389A2F /* CardAssemblyProtocol.swift */,
			);
			path = Protocols;
			sourceTree = "<group>";
		};
		A76C151C2356FE2500389A2F /* Realization */ = {
			isa = PBXGroup;
			children = (
				A7BD95BD234E72A400BD49F7 /* CardViewModel.swift */,
				A7466D912348BC1700DA5227 /* CardViewController.swift */,
				A76C15212357046800389A2F /* CardAssembly.swift */,
			);
			path = Realization;
			sourceTree = "<group>";
		};
		A76C152523572F3400389A2F /* Realization */ = {
			isa = PBXGroup;
			children = (
				A7466D82234741AB00DA5227 /* AlamofireNetworkService.swift */,
				A76C152323572AEC00389A2F /* RxNetworkService.swift */,
			);
			path = Realization;
			sourceTree = "<group>";
		};
/* End PBXGroup section */

/* Begin PBXNativeTarget section */
		A7466D482345E16E00DA5227 /* Providers */ = {
			isa = PBXNativeTarget;
			buildConfigurationList = A7466D5D2345E16F00DA5227 /* Build configuration list for PBXNativeTarget "Providers" */;
			buildPhases = (
				84350A267EECFE43F99B94E7 /* [CP] Check Pods Manifest.lock */,
				A7466D452345E16E00DA5227 /* Sources */,
				A7466D462345E16E00DA5227 /* Frameworks */,
				A7466D472345E16E00DA5227 /* Resources */,
				2591648C9FA078E160EEC15A /* [CP] Embed Pods Frameworks */,
			);
			buildRules = (
			);
			dependencies = (
			);
			name = Providers;
			productName = Providers;
			productReference = A7466D492345E16E00DA5227 /* Providers.app */;
			productType = "com.apple.product-type.application";
		};
/* End PBXNativeTarget section */

/* Begin PBXProject section */
		A7466D412345E16E00DA5227 /* Project object */ = {
			isa = PBXProject;
			attributes = {
				LastSwiftUpdateCheck = 1100;
				LastUpgradeCheck = 1100;
				ORGANIZATIONNAME = "Victor Volnukhin";
				TargetAttributes = {
					A7466D482345E16E00DA5227 = {
						CreatedOnToolsVersion = 11.0;
					};
				};
			};
			buildConfigurationList = A7466D442345E16E00DA5227 /* Build configuration list for PBXProject "Providers" */;
			compatibilityVersion = "Xcode 9.3";
			developmentRegion = en;
			hasScannedForEncodings = 0;
			knownRegions = (
				en,
				Base,
			);
			mainGroup = A7466D402345E16E00DA5227;
			productRefGroup = A7466D4A2345E16E00DA5227 /* Products */;
			projectDirPath = "";
			projectRoot = "";
			targets = (
				A7466D482345E16E00DA5227 /* Providers */,
			);
		};
/* End PBXProject section */

/* Begin PBXResourcesBuildPhase section */
		A7466D472345E16E00DA5227 /* Resources */ = {
			isa = PBXResourcesBuildPhase;
			buildActionMask = 2147483647;
			files = (
				A7466D6B2345E4E900DA5227 /* bigdata.json in Resources */,
				A7466D592345E16F00DA5227 /* LaunchScreen.storyboard in Resources */,
				A7466D562345E16F00DA5227 /* Assets.xcassets in Resources */,
				A7466D902348725F00DA5227 /* providers.json in Resources */,
				A7466D542345E16E00DA5227 /* Main.storyboard in Resources */,
			);
			runOnlyForDeploymentPostprocessing = 0;
		};
/* End PBXResourcesBuildPhase section */

/* Begin PBXShellScriptBuildPhase section */
		2591648C9FA078E160EEC15A /* [CP] Embed Pods Frameworks */ = {
			isa = PBXShellScriptBuildPhase;
			buildActionMask = 2147483647;
			files = (
			);
			inputFileListPaths = (
				"${PODS_ROOT}/Target Support Files/Pods-Providers/Pods-Providers-frameworks-${CONFIGURATION}-input-files.xcfilelist",
			);
			name = "[CP] Embed Pods Frameworks";
			outputFileListPaths = (
				"${PODS_ROOT}/Target Support Files/Pods-Providers/Pods-Providers-frameworks-${CONFIGURATION}-output-files.xcfilelist",
			);
			runOnlyForDeploymentPostprocessing = 0;
			shellPath = /bin/sh;
			shellScript = "\"${PODS_ROOT}/Target Support Files/Pods-Providers/Pods-Providers-frameworks.sh\"\n";
			showEnvVarsInLog = 0;
		};
		84350A267EECFE43F99B94E7 /* [CP] Check Pods Manifest.lock */ = {
			isa = PBXShellScriptBuildPhase;
			buildActionMask = 2147483647;
			files = (
			);
			inputFileListPaths = (
			);
			inputPaths = (
				"${PODS_PODFILE_DIR_PATH}/Podfile.lock",
				"${PODS_ROOT}/Manifest.lock",
			);
			name = "[CP] Check Pods Manifest.lock";
			outputFileListPaths = (
			);
			outputPaths = (
				"$(DERIVED_FILE_DIR)/Pods-Providers-checkManifestLockResult.txt",
			);
			runOnlyForDeploymentPostprocessing = 0;
			shellPath = /bin/sh;
			shellScript = "diff \"${PODS_PODFILE_DIR_PATH}/Podfile.lock\" \"${PODS_ROOT}/Manifest.lock\" > /dev/null\nif [ $? != 0 ] ; then\n    # print error to STDERR\n    echo \"error: The sandbox is not in sync with the Podfile.lock. Run 'pod install' or update your CocoaPods installation.\" >&2\n    exit 1\nfi\n# This output is used by Xcode 'outputs' to avoid re-running this script phase.\necho \"SUCCESS\" > \"${SCRIPT_OUTPUT_FILE_0}\"\n";
			showEnvVarsInLog = 0;
		};
/* End PBXShellScriptBuildPhase section */

/* Begin PBXSourcesBuildPhase section */
		A7466D452345E16E00DA5227 /* Sources */ = {
			isa = PBXSourcesBuildPhase;
			buildActionMask = 2147483647;
			files = (
				A7466D83234741AB00DA5227 /* AlamofireNetworkService.swift in Sources */,
				A7466D8023462DF100DA5227 /* ProvidersStructure.swift in Sources */,
				A7466D722345EC4C00DA5227 /* ProvidersTableViewCell.swift in Sources */,
				A7BD95B8234E3D1000BD49F7 /* ResourceServiceProtocol.swift in Sources */,
				A7466D6D2345EAD500DA5227 /* ProvidersViewController.swift in Sources */,
				A7BD95B6234E275100BD49F7 /* Cache.swift in Sources */,
				A76C152723572FE200389A2F /* NetworkError.swift in Sources */,
				A7466D792345F0AE00DA5227 /* Card.swift in Sources */,
				A7466D4D2345E16E00DA5227 /* AppDelegate.swift in Sources */,
				A7466D7B2346096900DA5227 /* CardsCollectionViewCell.swift in Sources */,
				A7466D922348BC1700DA5227 /* CardViewController.swift in Sources */,
				A7466D88234756BB00DA5227 /* Currency.swift in Sources */,
				A7466D8A234757C700DA5227 /* AppConstant.swift in Sources */,
				A76C152423572AEC00389A2F /* RxNetworkService.swift in Sources */,
				A7466D86234741ED00DA5227 /* NetworkServiceProtocol.swift in Sources */,
				A7466D97234B2C7000DA5227 /* CachableImageDownloaderProtocol.swift in Sources */,
				A76C15182356FE0300389A2F /* ProvidersAssemblyProtocol.swift in Sources */,
				A7BD95C0234E809900BD49F7 /* CardViewModelProtocol.swift in Sources */,
				A76C151E2356FEB200389A2F /* ProvidersAssembly.swift in Sources */,
				A7466D742345F01300DA5227 /* ProvidersViewModel.swift in Sources */,
				A7BD95BA234E3D7000BD49F7 /* AssetsResourceService.swift in Sources */,
				A7466D772345F0A700DA5227 /* Provider.swift in Sources */,
				A7BD95BC234E3F6100BD49F7 /* NetworkResourceService.swift in Sources */,
				A7466DC1234CDE0A00DA5227 /* ProvidersViewModelProtocol.swift in Sources */,
				A7BD95BE234E72A400BD49F7 /* CardViewModel.swift in Sources */,
				A76C15202357040D00389A2F /* CardAssemblyProtocol.swift in Sources */,
				A76C15222357046800389A2F /* CardAssembly.swift in Sources */,
			);
			runOnlyForDeploymentPostprocessing = 0;
		};
/* End PBXSourcesBuildPhase section */

/* Begin PBXVariantGroup section */
		A7466D522345E16E00DA5227 /* Main.storyboard */ = {
			isa = PBXVariantGroup;
			children = (
				A7466D532345E16E00DA5227 /* Base */,
			);
			name = Main.storyboard;
			sourceTree = "<group>";
		};
		A7466D572345E16F00DA5227 /* LaunchScreen.storyboard */ = {
			isa = PBXVariantGroup;
			children = (
				A7466D582345E16F00DA5227 /* Base */,
			);
			name = LaunchScreen.storyboard;
			sourceTree = "<group>";
		};
/* End PBXVariantGroup section */

/* Begin XCBuildConfiguration section */
		A7466D5B2345E16F00DA5227 /* Debug */ = {
			isa = XCBuildConfiguration;
			buildSettings = {
				ALWAYS_SEARCH_USER_PATHS = NO;
				CLANG_ANALYZER_NONNULL = YES;
				CLANG_ANALYZER_NUMBER_OBJECT_CONVERSION = YES_AGGRESSIVE;
				CLANG_CXX_LANGUAGE_STANDARD = "gnu++14";
				CLANG_CXX_LIBRARY = "libc++";
				CLANG_ENABLE_MODULES = YES;
				CLANG_ENABLE_OBJC_ARC = YES;
				CLANG_ENABLE_OBJC_WEAK = YES;
				CLANG_WARN_BLOCK_CAPTURE_AUTORELEASING = YES;
				CLANG_WARN_BOOL_CONVERSION = YES;
				CLANG_WARN_COMMA = YES;
				CLANG_WARN_CONSTANT_CONVERSION = YES;
				CLANG_WARN_DEPRECATED_OBJC_IMPLEMENTATIONS = YES;
				CLANG_WARN_DIRECT_OBJC_ISA_USAGE = YES_ERROR;
				CLANG_WARN_DOCUMENTATION_COMMENTS = YES;
				CLANG_WARN_EMPTY_BODY = YES;
				CLANG_WARN_ENUM_CONVERSION = YES;
				CLANG_WARN_INFINITE_RECURSION = YES;
				CLANG_WARN_INT_CONVERSION = YES;
				CLANG_WARN_NON_LITERAL_NULL_CONVERSION = YES;
				CLANG_WARN_OBJC_IMPLICIT_RETAIN_SELF = YES;
				CLANG_WARN_OBJC_LITERAL_CONVERSION = YES;
				CLANG_WARN_OBJC_ROOT_CLASS = YES_ERROR;
				CLANG_WARN_RANGE_LOOP_ANALYSIS = YES;
				CLANG_WARN_STRICT_PROTOTYPES = YES;
				CLANG_WARN_SUSPICIOUS_MOVE = YES;
				CLANG_WARN_UNGUARDED_AVAILABILITY = YES_AGGRESSIVE;
				CLANG_WARN_UNREACHABLE_CODE = YES;
				CLANG_WARN__DUPLICATE_METHOD_MATCH = YES;
				COPY_PHASE_STRIP = NO;
				DEBUG_INFORMATION_FORMAT = dwarf;
				ENABLE_STRICT_OBJC_MSGSEND = YES;
				ENABLE_TESTABILITY = YES;
				GCC_C_LANGUAGE_STANDARD = gnu11;
				GCC_DYNAMIC_NO_PIC = NO;
				GCC_NO_COMMON_BLOCKS = YES;
				GCC_OPTIMIZATION_LEVEL = 0;
				GCC_PREPROCESSOR_DEFINITIONS = (
					"DEBUG=1",
					"$(inherited)",
				);
				GCC_WARN_64_TO_32_BIT_CONVERSION = YES;
				GCC_WARN_ABOUT_RETURN_TYPE = YES_ERROR;
				GCC_WARN_UNDECLARED_SELECTOR = YES;
				GCC_WARN_UNINITIALIZED_AUTOS = YES_AGGRESSIVE;
				GCC_WARN_UNUSED_FUNCTION = YES;
				GCC_WARN_UNUSED_VARIABLE = YES;
				IPHONEOS_DEPLOYMENT_TARGET = 10.0;
				MTL_ENABLE_DEBUG_INFO = INCLUDE_SOURCE;
				MTL_FAST_MATH = YES;
				ONLY_ACTIVE_ARCH = YES;
				SDKROOT = iphoneos;
				SWIFT_ACTIVE_COMPILATION_CONDITIONS = DEBUG;
				SWIFT_OPTIMIZATION_LEVEL = "-Onone";
			};
			name = Debug;
		};
		A7466D5C2345E16F00DA5227 /* Release */ = {
			isa = XCBuildConfiguration;
			buildSettings = {
				ALWAYS_SEARCH_USER_PATHS = NO;
				CLANG_ANALYZER_NONNULL = YES;
				CLANG_ANALYZER_NUMBER_OBJECT_CONVERSION = YES_AGGRESSIVE;
				CLANG_CXX_LANGUAGE_STANDARD = "gnu++14";
				CLANG_CXX_LIBRARY = "libc++";
				CLANG_ENABLE_MODULES = YES;
				CLANG_ENABLE_OBJC_ARC = YES;
				CLANG_ENABLE_OBJC_WEAK = YES;
				CLANG_WARN_BLOCK_CAPTURE_AUTORELEASING = YES;
				CLANG_WARN_BOOL_CONVERSION = YES;
				CLANG_WARN_COMMA = YES;
				CLANG_WARN_CONSTANT_CONVERSION = YES;
				CLANG_WARN_DEPRECATED_OBJC_IMPLEMENTATIONS = YES;
				CLANG_WARN_DIRECT_OBJC_ISA_USAGE = YES_ERROR;
				CLANG_WARN_DOCUMENTATION_COMMENTS = YES;
				CLANG_WARN_EMPTY_BODY = YES;
				CLANG_WARN_ENUM_CONVERSION = YES;
				CLANG_WARN_INFINITE_RECURSION = YES;
				CLANG_WARN_INT_CONVERSION = YES;
				CLANG_WARN_NON_LITERAL_NULL_CONVERSION = YES;
				CLANG_WARN_OBJC_IMPLICIT_RETAIN_SELF = YES;
				CLANG_WARN_OBJC_LITERAL_CONVERSION = YES;
				CLANG_WARN_OBJC_ROOT_CLASS = YES_ERROR;
				CLANG_WARN_RANGE_LOOP_ANALYSIS = YES;
				CLANG_WARN_STRICT_PROTOTYPES = YES;
				CLANG_WARN_SUSPICIOUS_MOVE = YES;
				CLANG_WARN_UNGUARDED_AVAILABILITY = YES_AGGRESSIVE;
				CLANG_WARN_UNREACHABLE_CODE = YES;
				CLANG_WARN__DUPLICATE_METHOD_MATCH = YES;
				COPY_PHASE_STRIP = NO;
				DEBUG_INFORMATION_FORMAT = "dwarf-with-dsym";
				ENABLE_NS_ASSERTIONS = NO;
				ENABLE_STRICT_OBJC_MSGSEND = YES;
				GCC_C_LANGUAGE_STANDARD = gnu11;
				GCC_NO_COMMON_BLOCKS = YES;
				GCC_WARN_64_TO_32_BIT_CONVERSION = YES;
				GCC_WARN_ABOUT_RETURN_TYPE = YES_ERROR;
				GCC_WARN_UNDECLARED_SELECTOR = YES;
				GCC_WARN_UNINITIALIZED_AUTOS = YES_AGGRESSIVE;
				GCC_WARN_UNUSED_FUNCTION = YES;
				GCC_WARN_UNUSED_VARIABLE = YES;
				IPHONEOS_DEPLOYMENT_TARGET = 10.0;
				MTL_ENABLE_DEBUG_INFO = NO;
				MTL_FAST_MATH = YES;
				SDKROOT = iphoneos;
				SWIFT_COMPILATION_MODE = wholemodule;
				SWIFT_OPTIMIZATION_LEVEL = "-O";
				VALIDATE_PRODUCT = YES;
			};
			name = Release;
		};
		A7466D5E2345E16F00DA5227 /* Debug */ = {
			isa = XCBuildConfiguration;
			baseConfigurationReference = FD89EBC172A275065B756352 /* Pods-Providers.debug.xcconfig */;
			buildSettings = {
				ASSETCATALOG_COMPILER_APPICON_NAME = AppIcon;
				CODE_SIGN_STYLE = Automatic;
				DEVELOPMENT_TEAM = 37T242GAVV;
				INFOPLIST_FILE = "Providers/Supporting Files/Info.plist";
				LD_RUNPATH_SEARCH_PATHS = (
					"$(inherited)",
					"@executable_path/Frameworks",
				);
				PRODUCT_BUNDLE_IDENTIFIER = ru.example.Providers;
				PRODUCT_NAME = "$(TARGET_NAME)";
				SWIFT_VERSION = 5.0;
				TARGETED_DEVICE_FAMILY = "1,2";
			};
			name = Debug;
		};
		A7466D5F2345E16F00DA5227 /* Release */ = {
			isa = XCBuildConfiguration;
			baseConfigurationReference = 469E48D251DFACC7128D2355 /* Pods-Providers.release.xcconfig */;
			buildSettings = {
				ASSETCATALOG_COMPILER_APPICON_NAME = AppIcon;
				CODE_SIGN_STYLE = Automatic;
				DEVELOPMENT_TEAM = 37T242GAVV;
				INFOPLIST_FILE = "Providers/Supporting Files/Info.plist";
				LD_RUNPATH_SEARCH_PATHS = (
					"$(inherited)",
					"@executable_path/Frameworks",
				);
				PRODUCT_BUNDLE_IDENTIFIER = ru.example.Providers;
				PRODUCT_NAME = "$(TARGET_NAME)";
				SWIFT_VERSION = 5.0;
				TARGETED_DEVICE_FAMILY = "1,2";
			};
			name = Release;
		};
/* End XCBuildConfiguration section */

/* Begin XCConfigurationList section */
		A7466D442345E16E00DA5227 /* Build configuration list for PBXProject "Providers" */ = {
			isa = XCConfigurationList;
			buildConfigurations = (
				A7466D5B2345E16F00DA5227 /* Debug */,
				A7466D5C2345E16F00DA5227 /* Release */,
			);
			defaultConfigurationIsVisible = 0;
			defaultConfigurationName = Release;
		};
		A7466D5D2345E16F00DA5227 /* Build configuration list for PBXNativeTarget "Providers" */ = {
			isa = XCConfigurationList;
			buildConfigurations = (
				A7466D5E2345E16F00DA5227 /* Debug */,
				A7466D5F2345E16F00DA5227 /* Release */,
			);
			defaultConfigurationIsVisible = 0;
			defaultConfigurationName = Release;
		};
/* End XCConfigurationList section */
	};
	rootObject = A7466D412345E16E00DA5227 /* Project object */;
}
